
Microsoft Visual Studio Solution File, Format Version 12.00
# Visual Studio Version 17
VisualStudioVersion = 17.0.31903.59
MinimumVisualStudioVersion = 10.0.40219.1
Project("{2150E333-8FDC-42A3-9474-1A3956D46DE8}") = "Content", "Content", "{FA4BF230-D2BD-4B01-B5AA-AA132DD0045B}"
EndProject
Project("{FAE04EC0-301F-11D3-BF4B-00C04F79EFBC}") = "Garupan.Content", "src\Content\Garupan.Content\Garupan.Content.csproj", "{5576ECFB-A1B1-4FAD-8413-4E7E7159E358}"
EndProject
Project("{FAE04EC0-301F-11D3-BF4B-00C04F79EFBC}") = "Garupan.Content.Tests", "src\Content\Garupan.Content.Tests\Garupan.Content.Tests.csproj", "{D37D3B54-88B1-45E9-8EC7-E69901AF84B4}"
EndProject
Project("{2150E333-8FDC-42A3-9474-1A3956D46DE8}") = "Localisation", "Localisation", "{F22ECBE2-5454-497E-A28D-C344BC4283C3}"
EndProject
Project("{FAE04EC0-301F-11D3-BF4B-00C04F79EFBC}") = "Garupan.Localisation", "src\Localisation\Garupan.Localisation\Garupan.Localisation.csproj", "{E64FCD11-53BF-4A34-A02E-D14DA59391B8}"
EndProject
Project("{2150E333-8FDC-42A3-9474-1A3956D46DE8}") = "Net", "Net", "{D1869FF5-A1BA-45A3-9967-84AF20F70C13}"
EndProject
Project("{FAE04EC0-301F-11D3-BF4B-00C04F79EFBC}") = "Garupan.Net.Session", "src\Net\Garupan.Net.Session\Garupan.Net.Session.csproj", "{E77C2DC0-DF12-40CE-B54C-E82ACF565B5B}"
EndProject
Project("{FAE04EC0-301F-11D3-BF4B-00C04F79EFBC}") = "Garupan.Net.Session.Tests", "src\Net\Garupan.Net.Session.Tests\Garupan.Net.Session.Tests.csproj", "{7D85A902-741D-4C8D-BA66-8E2F4802FCED}"
EndProject
Project("{2150E333-8FDC-42A3-9474-1A3956D46DE8}") = "Tools", "Tools", "{AED74553-9E25-4259-A3ED-48B22B7035CF}"
EndProject
Project("{FAE04EC0-301F-11D3-BF4B-00C04F79EFBC}") = "Garupan.Tools", "src\Tools\Garupan.Tools\Garupan.Tools.csproj", "{CFD4BBFE-7E73-47BD-BCA9-54B5A7BEE5C1}"
EndProject
Project("{FAE04EC0-301F-11D3-BF4B-00C04F79EFBC}") = "Garupan.Tools.Tests", "src\Tools\Garupan.Tools.Tests\Garupan.Tools.Tests.csproj", "{04E58567-66D0-4138-A7D9-BE9A6927CDBC}"
EndProject
Project("{2150E333-8FDC-42A3-9474-1A3956D46DE8}") = "Client", "Client", "{0B5193C3-1C71-4B80-A38B-565D9D374D74}"
EndProject
Project("{FAE04EC0-301F-11D3-BF4B-00C04F79EFBC}") = "Garupan.Client.Core", "src\Client\Garupan.Client.Core\Garupan.Client.Core.csproj", "{8C2AE50F-9DCA-4A6C-A1A2-4C6E322E5660}"
EndProject
Project("{FAE04EC0-301F-11D3-BF4B-00C04F79EFBC}") = "Garupan.Client.Core.Tests", "src\Client\Garupan.Client.Core.Tests\Garupan.Client.Core.Tests.csproj", "{CEB66A61-CEDB-456A-9561-D23B652A40FD}"
EndProject
Project("{FAE04EC0-301F-11D3-BF4B-00C04F79EFBC}") = "Garupan.Client.Ui", "src\Client\Garupan.Client.Ui\Garupan.Client.Ui.csproj", "{4874CAEB-3149-48E4-9BED-3ADAA4B2DDFB}"
EndProject
Project("{FAE04EC0-301F-11D3-BF4B-00C04F79EFBC}") = "Garupan.Client.Ui.Tests", "src\Client\Garupan.Client.Ui.Tests\Garupan.Client.Ui.Tests.csproj", "{49F79659-9F73-46E7-A4F2-E2D7C11D72F3}"
EndProject
Project("{FAE04EC0-301F-11D3-BF4B-00C04F79EFBC}") = "Garupan.Client.Windows.Bootstrap", "src\Client\Garupan.Client.Windows.Bootstrap\Garupan.Client.Windows.Bootstrap.csproj", "{DA2EF41A-62E1-402E-B7D7-7997897BF4EA}"
EndProject
Project("{FAE04EC0-301F-11D3-BF4B-00C04F79EFBC}") = "Garupan.Client.Windows.D3D12", "src\Client\Garupan.Client.Windows.D3D12\Garupan.Client.Windows.D3D12.csproj", "{EDC6B9D9-F101-4E1E-9456-CEA4C40D47F5}"
EndProject
Project("{FAE04EC0-301F-11D3-BF4B-00C04F79EFBC}") = "Garupan.Client.Windows.D3D12.Tests", "src\Client\Garupan.Client.Windows.D3D12.Tests\Garupan.Client.Windows.D3D12.Tests.csproj", "{3B169560-50F6-477B-8CC7-D874F36C250D}"
EndProject
Project("{FAE04EC0-301F-11D3-BF4B-00C04F79EFBC}") = "Garupan.Garage.Demo", "src\Client\Garupan.Garage.Demo\Garupan.Garage.Demo.csproj", "{1E7F4CEF-6247-4104-81A5-9E3541C5EC46}"
EndProject
Project("{FAE04EC0-301F-11D3-BF4B-00C04F79EFBC}") = "Garupan.Garage.Demo.Tests", "src\Client\Garupan.Garage.Demo.Tests\Garupan.Garage.Demo.Tests.csproj", "{58464031-2A67-4CDA-957A-3133EE5CFCF1}"
EndProject
Project("{2150E333-8FDC-42A3-9474-1A3956D46DE8}") = "Server", "Server", "{1223F33E-6C9F-4AA7-BD6F-710DE449391E}"
EndProject
Project("{FAE04EC0-301F-11D3-BF4B-00C04F79EFBC}") = "Garupan.Server.Console", "src\Server\Garupan.Server.Console\Garupan.Server.Console.csproj", "{1FEAB5CB-AB6F-429F-B7DA-F38F7894CDDA}"
EndProject
Project("{FAE04EC0-301F-11D3-BF4B-00C04F79EFBC}") = "Garupan.Server.Console.Tests", "src\Server\Garupan.Server.Console.Tests\Garupan.Server.Console.Tests.csproj", "{5F166604-9AE4-4B63-ADBC-3E3830BAC173}"
EndProject
Project("{FAE04EC0-301F-11D3-BF4B-00C04F79EFBC}") = "Garupan.Server.Match", "src\Server\Garupan.Server.Match\Garupan.Server.Match.csproj", "{EB077047-D097-47E4-8F80-BAEA5E08050F}"
EndProject
Project("{FAE04EC0-301F-11D3-BF4B-00C04F79EFBC}") = "Garupan.Server.Match.Tests", "src\Server\Garupan.Server.Match.Tests\Garupan.Server.Match.Tests.csproj", "{4EBD7A23-0325-4926-B52B-836CB957E00F}"
EndProject
Project("{2150E333-8FDC-42A3-9474-1A3956D46DE8}") = "Sim", "Sim", "{741CD749-5BC7-4D8C-9435-A0CF50737451}"
EndProject
Project("{FAE04EC0-301F-11D3-BF4B-00C04F79EFBC}") = "Garupan.Sim", "src\Sim\Garupan.Sim\Garupan.Sim.csproj", "{347829FC-6CB3-4DE5-999C-EF803F4EF75E}"
EndProject
Project("{FAE04EC0-301F-11D3-BF4B-00C04F79EFBC}") = "Garupan.Sim.Tests", "src\Sim\Garupan.Sim.Tests\Garupan.Sim.Tests.csproj", "{D65B330F-5FCD-47BF-9149-48CBDE9993CE}"
EndProject
Global
	GlobalSection(SolutionConfigurationPlatforms) = preSolution
		Debug|Any CPU = Debug|Any CPU
		Release|Any CPU = Release|Any CPU
	EndGlobalSection
	GlobalSection(SolutionProperties) = preSolution
		HideSolutionNode = FALSE
	EndGlobalSection
	GlobalSection(ProjectConfigurationPlatforms) = postSolution
		{5576ECFB-A1B1-4FAD-8413-4E7E7159E358}.Debug|Any CPU.ActiveCfg = Debug|Any CPU
		{5576ECFB-A1B1-4FAD-8413-4E7E7159E358}.Debug|Any CPU.Build.0 = Debug|Any CPU
		{5576ECFB-A1B1-4FAD-8413-4E7E7159E358}.Release|Any CPU.ActiveCfg = Release|Any CPU
		{5576ECFB-A1B1-4FAD-8413-4E7E7159E358}.Release|Any CPU.Build.0 = Release|Any CPU
		{D37D3B54-88B1-45E9-8EC7-E69901AF84B4}.Debug|Any CPU.ActiveCfg = Debug|Any CPU
		{D37D3B54-88B1-45E9-8EC7-E69901AF84B4}.Debug|Any CPU.Build.0 = Debug|Any CPU
		{D37D3B54-88B1-45E9-8EC7-E69901AF84B4}.Release|Any CPU.ActiveCfg = Release|Any CPU
		{D37D3B54-88B1-45E9-8EC7-E69901AF84B4}.Release|Any CPU.Build.0 = Release|Any CPU
		{E64FCD11-53BF-4A34-A02E-D14DA59391B8}.Debug|Any CPU.ActiveCfg = Debug|Any CPU
		{E64FCD11-53BF-4A34-A02E-D14DA59391B8}.Debug|Any CPU.Build.0 = Debug|Any CPU
		{E64FCD11-53BF-4A34-A02E-D14DA59391B8}.Release|Any CPU.ActiveCfg = Release|Any CPU
		{E64FCD11-53BF-4A34-A02E-D14DA59391B8}.Release|Any CPU.Build.0 = Release|Any CPU
		{E77C2DC0-DF12-40CE-B54C-E82ACF565B5B}.Debug|Any CPU.ActiveCfg = Debug|Any CPU
		{E77C2DC0-DF12-40CE-B54C-E82ACF565B5B}.Debug|Any CPU.Build.0 = Debug|Any CPU
		{E77C2DC0-DF12-40CE-B54C-E82ACF565B5B}.Release|Any CPU.ActiveCfg = Release|Any CPU
		{E77C2DC0-DF12-40CE-B54C-E82ACF565B5B}.Release|Any CPU.Build.0 = Release|Any CPU
		{7D85A902-741D-4C8D-BA66-8E2F4802FCED}.Debug|Any CPU.ActiveCfg = Debug|Any CPU
		{7D85A902-741D-4C8D-BA66-8E2F4802FCED}.Debug|Any CPU.Build.0 = Debug|Any CPU
		{7D85A902-741D-4C8D-BA66-8E2F4802FCED}.Release|Any CPU.ActiveCfg = Release|Any CPU
		{7D85A902-741D-4C8D-BA66-8E2F4802FCED}.Release|Any CPU.Build.0 = Release|Any CPU
		{CFD4BBFE-7E73-47BD-BCA9-54B5A7BEE5C1}.Debug|Any CPU.ActiveCfg = Debug|Any CPU
		{CFD4BBFE-7E73-47BD-BCA9-54B5A7BEE5C1}.Debug|Any CPU.Build.0 = Debug|Any CPU
		{CFD4BBFE-7E73-47BD-BCA9-54B5A7BEE5C1}.Release|Any CPU.ActiveCfg = Release|Any CPU
		{CFD4BBFE-7E73-47BD-BCA9-54B5A7BEE5C1}.Release|Any CPU.Build.0 = Release|Any CPU
		{04E58567-66D0-4138-A7D9-BE9A6927CDBC}.Debug|Any CPU.ActiveCfg = Debug|Any CPU
		{04E58567-66D0-4138-A7D9-BE9A6927CDBC}.Debug|Any CPU.Build.0 = Debug|Any CPU
		{04E58567-66D0-4138-A7D9-BE9A6927CDBC}.Release|Any CPU.ActiveCfg = Release|Any CPU
		{04E58567-66D0-4138-A7D9-BE9A6927CDBC}.Release|Any CPU.Build.0 = Release|Any CPU
		{8C2AE50F-9DCA-4A6C-A1A2-4C6E322E5660}.Debug|Any CPU.ActiveCfg = Debug|Any CPU
		{8C2AE50F-9DCA-4A6C-A1A2-4C6E322E5660}.Debug|Any CPU.Build.0 = Debug|Any CPU
		{8C2AE50F-9DCA-4A6C-A1A2-4C6E322E5660}.Release|Any CPU.ActiveCfg = Release|Any CPU
		{8C2AE50F-9DCA-4A6C-A1A2-4C6E322E5660}.Release|Any CPU.Build.0 = Release|Any CPU
		{CEB66A61-CEDB-456A-9561-D23B652A40FD}.Debug|Any CPU.ActiveCfg = Debug|Any CPU
		{CEB66A61-CEDB-456A-9561-D23B652A40FD}.Debug|Any CPU.Build.0 = Debug|Any CPU
		{CEB66A61-CEDB-456A-9561-D23B652A40FD}.Release|Any CPU.ActiveCfg = Release|Any CPU
		{CEB66A61-CEDB-456A-9561-D23B652A40FD}.Release|Any CPU.Build.0 = Release|Any CPU
		{4874CAEB-3149-48E4-9BED-3ADAA4B2DDFB}.Debug|Any CPU.ActiveCfg = Debug|Any CPU
		{4874CAEB-3149-48E4-9BED-3ADAA4B2DDFB}.Debug|Any CPU.Build.0 = Debug|Any CPU
		{4874CAEB-3149-48E4-9BED-3ADAA4B2DDFB}.Release|Any CPU.ActiveCfg = Release|Any CPU
		{4874CAEB-3149-48E4-9BED-3ADAA4B2DDFB}.Release|Any CPU.Build.0 = Release|Any CPU
		{49F79659-9F73-46E7-A4F2-E2D7C11D72F3}.Debug|Any CPU.ActiveCfg = Debug|Any CPU
		{49F79659-9F73-46E7-A4F2-E2D7C11D72F3}.Debug|Any CPU.Build.0 = Debug|Any CPU
		{49F79659-9F73-46E7-A4F2-E2D7C11D72F3}.Release|Any CPU.ActiveCfg = Release|Any CPU
		{49F79659-9F73-46E7-A4F2-E2D7C11D72F3}.Release|Any CPU.Build.0 = Release|Any CPU
		{DA2EF41A-62E1-402E-B7D7-7997897BF4EA}.Debug|Any CPU.ActiveCfg = Debug|Any CPU
		{DA2EF41A-62E1-402E-B7D7-7997897BF4EA}.Debug|Any CPU.Build.0 = Debug|Any CPU
		{DA2EF41A-62E1-402E-B7D7-7997897BF4EA}.Release|Any CPU.ActiveCfg = Release|Any CPU
		{DA2EF41A-62E1-402E-B7D7-7997897BF4EA}.Release|Any CPU.Build.0 = Release|Any CPU
		{EDC6B9D9-F101-4E1E-9456-CEA4C40D47F5}.Debug|Any CPU.ActiveCfg = Debug|Any CPU
		{EDC6B9D9-F101-4E1E-9456-CEA4C40D47F5}.Debug|Any CPU.Build.0 = Debug|Any CPU
		{EDC6B9D9-F101-4E1E-9456-CEA4C40D47F5}.Release|Any CPU.ActiveCfg = Release|Any CPU
		{EDC6B9D9-F101-4E1E-9456-CEA4C40D47F5}.Release|Any CPU.Build.0 = Release|Any CPU
		{3B169560-50F6-477B-8CC7-D874F36C250D}.Debug|Any CPU.ActiveCfg = Debug|Any CPU
		{3B169560-50F6-477B-8CC7-D874F36C250D}.Debug|Any CPU.Build.0 = Debug|Any CPU
		{3B169560-50F6-477B-8CC7-D874F36C250D}.Release|Any CPU.ActiveCfg = Release|Any CPU
		{3B169560-50F6-477B-8CC7-D874F36C250D}.Release|Any CPU.Build.0 = Release|Any CPU
		{1E7F4CEF-6247-4104-81A5-9E3541C5EC46}.Debug|Any CPU.ActiveCfg = Debug|Any CPU
		{1E7F4CEF-6247-4104-81A5-9E3541C5EC46}.Debug|Any CPU.Build.0 = Debug|Any CPU
		{1E7F4CEF-6247-4104-81A5-9E3541C5EC46}.Release|Any CPU.ActiveCfg = Release|Any CPU
		{1E7F4CEF-6247-4104-81A5-9E3541C5EC46}.Release|Any CPU.Build.0 = Release|Any CPU
		{58464031-2A67-4CDA-957A-3133EE5CFCF1}.Debug|Any CPU.ActiveCfg = Debug|Any CPU
		{58464031-2A67-4CDA-957A-3133EE5CFCF1}.Debug|Any CPU.Build.0 = Debug|Any CPU
		{58464031-2A67-4CDA-957A-3133EE5CFCF1}.Release|Any CPU.ActiveCfg = Release|Any CPU
		{58464031-2A67-4CDA-957A-3133EE5CFCF1}.Release|Any CPU.Build.0 = Release|Any CPU
		{1FEAB5CB-AB6F-429F-B7DA-F38F7894CDDA}.Debug|Any CPU.ActiveCfg = Debug|Any CPU
		{1FEAB5CB-AB6F-429F-B7DA-F38F7894CDDA}.Debug|Any CPU.Build.0 = Debug|Any CPU
		{1FEAB5CB-AB6F-429F-B7DA-F38F7894CDDA}.Release|Any CPU.ActiveCfg = Release|Any CPU
		{1FEAB5CB-AB6F-429F-B7DA-F38F7894CDDA}.Release|Any CPU.Build.0 = Release|Any CPU
		{5F166604-9AE4-4B63-ADBC-3E3830BAC173}.Debug|Any CPU.ActiveCfg = Debug|Any CPU
		{5F166604-9AE4-4B63-ADBC-3E3830BAC173}.Debug|Any CPU.Build.0 = Debug|Any CPU
		{5F166604-9AE4-4B63-ADBC-3E3830BAC173}.Release|Any CPU.ActiveCfg = Release|Any CPU
		{5F166604-9AE4-4B63-ADBC-3E3830BAC173}.Release|Any CPU.Build.0 = Release|Any CPU
		{EB077047-D097-47E4-8F80-BAEA5E08050F}.Debug|Any CPU.ActiveCfg = Debug|Any CPU
		{EB077047-D097-47E4-8F80-BAEA5E08050F}.Debug|Any CPU.Build.0 = Debug|Any CPU
		{EB077047-D097-47E4-8F80-BAEA5E08050F}.Release|Any CPU.ActiveCfg = Release|Any CPU
		{EB077047-D097-47E4-8F80-BAEA5E08050F}.Release|Any CPU.Build.0 = Release|Any CPU
		{4EBD7A23-0325-4926-B52B-836CB957E00F}.Debug|Any CPU.ActiveCfg = Debug|Any CPU
		{4EBD7A23-0325-4926-B52B-836CB957E00F}.Debug|Any CPU.Build.0 = Debug|Any CPU
		{4EBD7A23-0325-4926-B52B-836CB957E00F}.Release|Any CPU.ActiveCfg = Release|Any CPU
		{4EBD7A23-0325-4926-B52B-836CB957E00F}.Release|Any CPU.Build.0 = Release|Any CPU
		{347829FC-6CB3-4DE5-999C-EF803F4EF75E}.Debug|Any CPU.ActiveCfg = Debug|Any CPU
		{347829FC-6CB3-4DE5-999C-EF803F4EF75E}.Debug|Any CPU.Build.0 = Debug|Any CPU
		{347829FC-6CB3-4DE5-999C-EF803F4EF75E}.Release|Any CPU.ActiveCfg = Release|Any CPU
		{347829FC-6CB3-4DE5-999C-EF803F4EF75E}.Release|Any CPU.Build.0 = Release|Any CPU
		{D65B330F-5FCD-47BF-9149-48CBDE9993CE}.Debug|Any CPU.ActiveCfg = Debug|Any CPU
		{D65B330F-5FCD-47BF-9149-48CBDE9993CE}.Debug|Any CPU.Build.0 = Debug|Any CPU
		{D65B330F-5FCD-47BF-9149-48CBDE9993CE}.Release|Any CPU.ActiveCfg = Release|Any CPU
		{D65B330F-5FCD-47BF-9149-48CBDE9993CE}.Release|Any CPU.Build.0 = Release|Any CPU
	EndGlobalSection
	GlobalSection(NestedProjects) = preSolution
		{5576ECFB-A1B1-4FAD-8413-4E7E7159E358} = {FA4BF230-D2BD-4B01-B5AA-AA132DD0045B}
		{D37D3B54-88B1-45E9-8EC7-E69901AF84B4} = {FA4BF230-D2BD-4B01-B5AA-AA132DD0045B}
		{E64FCD11-53BF-4A34-A02E-D14DA59391B8} = {F22ECBE2-5454-497E-A28D-C344BC4283C3}
		{E77C2DC0-DF12-40CE-B54C-E82ACF565B5B} = {D1869FF5-A1BA-45A3-9967-84AF20F70C13}
		{7D85A902-741D-4C8D-BA66-8E2F4802FCED} = {D1869FF5-A1BA-45A3-9967-84AF20F70C13}
		{CFD4BBFE-7E73-47BD-BCA9-54B5A7BEE5C1} = {AED74553-9E25-4259-A3ED-48B22B7035CF}
		{04E58567-66D0-4138-A7D9-BE9A6927CDBC} = {AED74553-9E25-4259-A3ED-48B22B7035CF}
		{8C2AE50F-9DCA-4A6C-A1A2-4C6E322E5660} = {0B5193C3-1C71-4B80-A38B-565D9D374D74}
		{CEB66A61-CEDB-456A-9561-D23B652A40FD} = {0B5193C3-1C71-4B80-A38B-565D9D374D74}
		{4874CAEB-3149-48E4-9BED-3ADAA4B2DDFB} = {0B5193C3-1C71-4B80-A38B-565D9D374D74}
		{49F79659-9F73-46E7-A4F2-E2D7C11D72F3} = {0B5193C3-1C71-4B80-A38B-565D9D374D74}
		{DA2EF41A-62E1-402E-B7D7-7997897BF4EA} = {0B5193C3-1C71-4B80-A38B-565D9D374D74}
		{EDC6B9D9-F101-4E1E-9456-CEA4C40D47F5} = {0B5193C3-1C71-4B80-A38B-565D9D374D74}
		{3B169560-50F6-477B-8CC7-D874F36C250D} = {0B5193C3-1C71-4B80-A38B-565D9D374D74}
		{1E7F4CEF-6247-4104-81A5-9E3541C5EC46} = {0B5193C3-1C71-4B80-A38B-565D9D374D74}
		{58464031-2A67-4CDA-957A-3133EE5CFCF1} = {0B5193C3-1C71-4B80-A38B-565D9D374D74}
		{1FEAB5CB-AB6F-429F-B7DA-F38F7894CDDA} = {1223F33E-6C9F-4AA7-BD6F-710DE449391E}
		{5F166604-9AE4-4B63-ADBC-3E3830BAC173} = {1223F33E-6C9F-4AA7-BD6F-710DE449391E}
		{EB077047-D097-47E4-8F80-BAEA5E08050F} = {1223F33E-6C9F-4AA7-BD6F-710DE449391E}
		{4EBD7A23-0325-4926-B52B-836CB957E00F} = {1223F33E-6C9F-4AA7-BD6F-710DE449391E}
		{347829FC-6CB3-4DE5-999C-EF803F4EF75E} = {741CD749-5BC7-4D8C-9435-A0CF50737451}
		{D65B330F-5FCD-47BF-9149-48CBDE9993CE} = {741CD749-5BC7-4D8C-9435-A0CF50737451}
	EndGlobalSection
EndGlobal
